{
  "name": "esm-bug-reproduction",
  "version": "0.0.0",
  "lockfileVersion": 1,
  "requires": true,
  "dependencies": {
    "esm": {
      "version": "3.0.49",
      "resolved": "https://registry.npmjs.org/esm/-/esm-3.0.49.tgz",
      "integrity": "sha512-f+r1cKy84aD9a/X39VJNNOj1k4GHRM+HU0AFhATkCiAG5K5iDrC+9J4ZeYwNsmFVxR6KKiYb9i94kdl8j8qllg=="
    }
  }
}
